
Microsoft Visual Studio Solution File, Format Version 12.00
# Visual Studio Version 17
VisualStudioVersion = 17.10.34825.169
MinimumVisualStudioVersion = 10.0.40219.1
Project("{FAE04EC0-301F-11D3-BF4B-00C04F79EFBC}") = "InputExtensionsApp", "InputExtensionsApp\InputExtensionsApp.csproj", "{F807FAEB-7FC6-4290-BC2B-0815EDC73DBB}"
EndProject
Project("{2150E333-8FDC-42A3-9474-1A3956D46DE8}") = "Solution Items", "Solution Items", "{A9EB319F-168F-426F-AE8D-2AB6F231938A}"
	ProjectSection(SolutionItems) = preProject
		.gitignore = .gitignore
		Directory.Build.props = Directory.Build.props
		Directory.Build.targets = Directory.Build.targets
		Directory.Packages.props = Directory.Packages.props
		global.json = global.json
	EndProjectSection
EndProject
Global
	GlobalSection(SolutionConfigurationPlatforms) = preSolution
		Debug|Any CPU = Debug|Any CPU
		Release|Any CPU = Release|Any CPU
	EndGlobalSection
	GlobalSection(ProjectConfigurationPlatforms) = postSolution
		{F807FAEB-7FC6-4290-BC2B-0815EDC73DBB}.Debug|Any CPU.ActiveCfg = Debug|Any CPU
		{F807FAEB-7FC6-4290-BC2B-0815EDC73DBB}.Debug|Any CPU.Build.0 = Debug|Any CPU
		{F807FAEB-7FC6-4290-BC2B-0815EDC73DBB}.Debug|Any CPU.Deploy.0 = Debug|Any CPU
		{F807FAEB-7FC6-4290-BC2B-0815EDC73DBB}.Release|Any CPU.ActiveCfg = Release|Any CPU
		{F807FAEB-7FC6-4290-BC2B-0815EDC73DBB}.Release|Any CPU.Build.0 = Release|Any CPU
		{F807FAEB-7FC6-4290-BC2B-0815EDC73DBB}.Release|Any CPU.Deploy.0 = Release|Any CPU
	EndGlobalSection
	GlobalSection(SolutionProperties) = preSolution
		HideSolutionNode = FALSE
	EndGlobalSection
	GlobalSection(ExtensibilityGlobals) = postSolution
		SolutionGuid = {39F05631-7869-4219-87F9-06D9B1EE469F}
	EndGlobalSection
EndGlobal
